
Microsoft Visual Studio Solution File, Format Version 12.00
# Visual Studio 15
VisualStudioVersion = 15.0.28307.168
MinimumVisualStudioVersion = 10.0.40219.1
Project("{FAE04EC0-301F-11D3-BF4B-00C04F79EFBC}") = "SheetOcr.Client", "SheetOcr.Client\SheetOcr.Client.csproj", "{BC1D14DA-D43E-4B1E-8232-6573FE148FD6}"
EndProject
Global
	GlobalSection(SolutionConfigurationPlatforms) = preSolution
		Debug|Any CPU = Debug|Any CPU
		Release|Any CPU = Release|Any CPU
	EndGlobalSection
	GlobalSection(ProjectConfigurationPlatforms) = postSolution
		{BC1D14DA-D43E-4B1E-8232-6573FE148FD6}.Debug|Any CPU.ActiveCfg = Debug|Any CPU
		{BC1D14DA-D43E-4B1E-8232-6573FE148FD6}.Debug|Any CPU.Build.0 = Debug|Any CPU
		{BC1D14DA-D43E-4B1E-8232-6573FE148FD6}.Release|Any CPU.ActiveCfg = Release|Any CPU
		{BC1D14DA-D43E-4B1E-8232-6573FE148FD6}.Release|Any CPU.Build.0 = Release|Any CPU
	EndGlobalSection
	GlobalSection(SolutionProperties) = preSolution
		HideSolutionNode = FALSE
	EndGlobalSection
	GlobalSection(ExtensibilityGlobals) = postSolution
		SolutionGuid = {3A38556D-55EF-483A-95E2-2B5FCD7610DB}
	EndGlobalSection
EndGlobal
